{
  "name": "stardodger",
  "version": "1.0.0",
  "lockfileVersion": 3,
  "requires": true,
  "packages": {
    "": {
      "name": "stardodger",
      "version": "1.0.0",
      "license": "ISC",
      "dependencies": {
        "@capacitor/cli": "8.5.0",
        "@capacitor/core": "8.5.0",
        "@capacitor/filesystem": "8.1.2",
        "@capacitor/ios": "8.5.0"
      }
    },
    "node_modules/@capacitor/cli": {
      "version": "8.5.0",
      "resolved": "https://registry.npmjs.org/@capacitor/cli/-/cli-8.5.0.tgz",
      "integrity": "sha512-rLdzMUM5QV4WITcqoWv04p32i14BXgUH2diqEH6MWQlWaJfiyNrvOyt/+d5vHAfOxOm1klBu637VDEobctlwBA==",
      "license": "MIT",
      "dependencies": {
        "@ionic/cli-framework-output": "^2.2.8",
        "@ionic/utils-subprocess": "^3.0.1",
        "@ionic/utils-terminal": "^2.3.5",
        "commander": "^12.1.0",
        "debug": "^4.4.0",
        "env-paths": "^2.2.0",
        "fs-extra": "^11.2.0",
        "kleur": "^4.1.5",
        "native-run": "^2.0.3",
        "open": "^8.4.0",
        "plist": "^3.1.0",
        "prompts": "^2.4.2",
        "rimraf": "^6.0.1",
        "semver": "^7.6.3",
        "tar": "^7.5.3",
        "tslib": "^2.8.1",
        "xcode": "^3.0.1",
        "xml2js": "^0.6.2"
      },
      "bin": {
        "cap": "bin/capacitor",
        "capacitor": "bin/capacitor"
      },
      "engines": {
        "node": ">=22.0.0"
      }
    },
    "node_modules/@capacitor/core": {
      "version": "8.5.0",
      "resolved": "https://registry.npmjs.org/@capacitor/core/-/core-8.5.0.tgz",
      "integrity": "sha512-Ca4krtqH1hothjtBIwf2J2TW7IhYq1ujp8QeItTiJohNsqij8ja2DYYH3DU0l8RmxCWaBAFTGA2TgOgOMCSNsQ==",
      "license": "MIT",
      "dependencies": {
        "tslib": "^2.1.0"
      }
    },
    "node_modules/@capacitor/filesystem": {
      "version": "8.1.2",
      "resolved": "https://npmjs.org",
      "integrity": "sha512-42H58c4i4bU/t4OIQpS4vE3GqM3zLwSnb4D3T5fH119ZfsL3Znb+15o7jN97SjGv7JgW5/7L9aC9Z3uOqZ0fQ==",
      "license": "MIT",
      "dependencies": {
        "@capacitor/synapse": "^1.0.4"
      },
      "peerDependencies": {
        "@capacitor/core": ">=8.0.0"
      }
    },
    "node_modules/@capacitor/ios": {
      "version": "8.5.0",
      "resolved": "https://registry.npmjs.org/@capacitor/ios/-/ios-8.5.0.tgz",
      "integrity": "sha512-7k1TfohJu5BzRXc1F3g04Q8QQ0fyQgms6h1AvhnHb04VaNr9EdHOx03hL8O+OigEKMQnyJd1ZOjTPPNHCqL5Yw==",
      "license": "MIT",
      "peerDependencies": {
        "@capacitor/core": "^8.5.0"
      }
    },
    "node_modules/@capacitor/synapse": {
      "version": "1.0.4",
      "resolved": "https://registry.npmjs.org/@capacitor/synapse/-/synapse-1.0.4.tgz",
      "integrity": "sha512-/C1FUo8/OkKuAT4nCIu/34ny9siNHr9qtFezu4kxm6GY1wNFxrCFWjfYx5C1tUhVGz3fxBABegupkpjXvjCHrw==",
      "license": "ISC"
    },
    "node_modules/@ionic/cli-framework-output": {
      "version": "2.2.8",
      "resolved": "https://registry.npmjs.org/@ionic/cli-framework-output/-/cli-framework-output-2.2.8.tgz",
      "integrity": "sha512-TshtaFQsovB4NWRBydbNFawql6yul7d5bMiW1WYYf17hd99V6xdDdk3vtF51bw6sLkxON3bDQpWsnUc9/hVo3g==",
      "license": "MIT",
      "dependencies": {
        "@ionic/utils-terminal": "2.3.5",
        "debug": "^4.0.0",
        "tslib": "^2.0.1"
      },
      "engines": {
        "node": ">=16.0.0"
      }
    },
    "node_modules/@ionic/utils-array": {
      "version": "2.1.6",
      "resolved": "https://registry.npmjs.org/@ionic/utils-array/-/utils-array-2.1.6.tgz",
      "integrity": "sha512-0JZ1Zkp3wURnv8oq6Qt7fMPo5MpjbLoUoa9Bu2Q4PJuSDWM8H8gwF3dQO7VTeUj3/0o1IB1wGkFWZZYgUXZMUg==",
      "license": "MIT",
      "dependencies": {
        "debug": "^4.0.0",
        "tslib": "^2.0.1"
      },
      "engines": {
        "node": ">=16.0.0"
      }
    },
    "node_modules/@ionic/utils-fs": {
      "version": "3.1.7",
      "resolved": "https://registry.npmjs.org/@ionic/utils-fs/-/utils-fs-3.1.7.tgz",
      "integrity": "sha512-2EknRvMVfhnyhL1VhFkSLa5gOcycK91VnjfrTB0kbqkTFCOXyXgVLI5whzq7SLrgD9t1aqos3lMMQyVzaQ5gVA==",
      "license": "MIT",
      "dependencies": {
        "@types/fs-extra": "^8.0.0",
        "debug": "^4.0.0",
        "fs-extra": "^9.0.0",
        "tslib": "^2.0.1"
      },
      "engines": {
        "node": ">=16.0.0"
      }
    },
    "node_modules/@ionic/utils-fs/node_modules/fs-extra": {
      "version": "9.1.0",
      "resolved": "https://registry.npmjs.org/fs-extra/-/fs-extra-9.1.0.tgz",
      "integrity": "sha512-hcg3ZmepS30/7BSFqRvoo3DOMQu7IjqxO5nCDt+zM9XWjb33Wg7ziNT+Qvqbuc3+gWpzO02JubVyk2G4Zvo1OQ==",
      "license": "MIT",
      "dependencies": {
        "at-least-node": "^1.0.0",
        "graceful-fs": "^4.2.0",
        "jsonfile": "^6.0.1",
        "universalify": "^2.0.0"
      },
      "engines": {
        "node": ">=10"
      }
    },
    "node_modules/@ionic/utils-object": {
      "version": "2.1.6",
      "resolved": "https://registry.npmjs.org/@ionic/utils-object/-/utils-object-2.1.6.tgz",
      "integrity": "sha512-vCl7sl6JjBHFw99CuAqHljYJpcE88YaH2ZW4ELiC/Zwxl5tiwn4kbdP/gxi2OT3MQb1vOtgAmSNRtusvgxI8ww==",
      "license": "MIT",
      "dependencies": {
        "debug": "^4.0.0",
        "tslib": "^2.0.1"
      },
      "engines": {
        "node": ">=16.0.0"
      }
    },
    "node_modules/@ionic/utils-process": {
      "version": "2.1.12",
      "resolved": "https://registry.npmjs.org/@ionic/utils-process/-/utils-process-2.1.12.tgz",
      "integrity": "sha512-Jqkgyq7zBs/v/J3YvKtQQiIcxfJyplPgECMWgdO0E1fKrrH8EF0QGHNJ9mJCn6PYe2UtHNS8JJf5G21e09DfYg==",
      "license": "MIT",
      "dependencies": {
        "@ionic/utils-object": "2.1.6",
        "@ionic/utils-terminal": "2.3.5",
        "debug": "^4.0.0",
        "signal-exit": "^3.0.3",
        "tree-kill": "^1.2.2",
        "tslib": "^2.0.1"
      },
      "engines": {
        "node": ">=16.0.0"
      }
    },
    "node_modules/@ionic/utils-stream": {
      "version": "3.1.7",
      "resolved": "https://registry.npmjs.org/@ionic/utils-stream/-/utils-stream-3.1.7.tgz",
      "integrity": "sha512-eSELBE7NWNFIHTbTC2jiMvh1ABKGIpGdUIvARsNPMNQhxJB3wpwdiVnoBoTYp+5a6UUIww4Kpg7v6S7iTctH1w==",
      "license": "MIT",
      "dependencies": {
        "debug": "^4.0.0",
        "tslib": "^2.0.1"
      },
      "engines": {
        "node": ">=16.0.0"
      }
    },
    "node_modules/@ionic/utils-subprocess": {
      "version": "3.0.1",
      "resolved": "https://registry.npmjs.org/@ionic/utils-subprocess/-/utils-subprocess-3.0.1.tgz",
      "integrity": "sha512-cT4te3AQQPeIM9WCwIg8ohroJ8TjsYaMb2G4ZEgv9YzeDqHZ4JpeIKqG2SoaA3GmVQ3sOfhPM6Ox9sxphV/d1A==",
      "license": "MIT",
      "dependencies": {
        "@ionic/utils-array": "2.1.6",
        "@ionic/utils-fs": "3.1.7",
        "@ionic/utils-process": "2.1.12",
        "@ionic/utils-stream": "3.1.7",
        "@ionic/utils-terminal": "2.3.5",
        "cross-spawn": "^7.0.3",
        "debug": "^4.0.0",
        "tslib": "^2.0.1"
      },
      "engines": {
        "node": ">=16.0.0"
      }
    },
    "node_modules/@ionic/utils-terminal": {
      "version": "2.3.5",
      "resolved": "https://registry.npmjs.org/@ionic/utils-terminal/-/utils-terminal-2.3.5.tgz",
      "integrity": "sha512-3cKScz9Jx2/Pr9ijj1OzGlBDfcmx7OMVBt4+P1uRR0SSW4cm1/y3Mo4OY3lfkuaYifMNBW8Wz6lQHbs1bihr7A==",
      "license": "MIT",
      "dependencies": {
        "@types/slice-ansi": "^4.0.0",
        "debug": "^4.0.0",
        "signal-exit": "^3.0.3",
        "slice-ansi": "^4.0.0",
        "string-width": "^4.1.0",
        "strip-ansi": "^6.0.0",
        "tslib": "^2.0.1",
        "untildify": "^4.0.0",
        "wrap-ansi": "^7.0.0"
      },
      "engines": {
        "node": ">=16.0.0"
      }
    },
    "node_modules/@isaacs/fs-minipass": {
      "version": "4.0.1",
      "resolved": "https://registry.npmjs.org/@isaacs/fs-minipass/-/fs-minipass-4.0.1.tgz",
      "integrity": "sha512-wgm9Ehl2jpeqP3zw/7mo3kRHFp5MEDhqAdwy1fTGkHAwnkGOVsgpvQhL8B5n1qlb01jV3n/bI0ZfZp5lWA1k4w==",
      "license": "ISC",
      "dependencies": {
        "minipass": "^7.0.4"
      },
      "engines": {
        "node": ">=18.0.0"
      }
    },
    "node_modules/minipass": {
      "version": "7.1.2",
      "resolved": "https://npmjs.org",
      "integrity": "sha512-qOOzS1cBTWYF4BH8fVePDBOO9iptMnGUEc6ITnCruqmhKVrLRQJHqFPT4mjpQV3W5sfWKA4fQNV2zfxDPfThlA==",
      "engines": {
        "node": ">=16 || 14 >=14.17"
      }
    }
  }
}
